
Microsoft Visual Studio Solution File, Format Version 12.00
# Visual Studio Version 17
VisualStudioVersion = 17.6.33723.286
MinimumVisualStudioVersion = 10.0.40219.1
Project("{FAE04EC0-301F-11D3-BF4B-00C04F79EFBC}") = "Schedule-WPF", "Schedule-WPF\Schedule-WPF.csproj", "{8852CF80-12E1-49E3-AF0B-72CAFB26FACD}"
EndProject
Global
	GlobalSection(SolutionConfigurationPlatforms) = preSolution
		Debug|Any CPU = Debug|Any CPU
		Release|Any CPU = Release|Any CPU
	EndGlobalSection
	GlobalSection(ProjectConfigurationPlatforms) = postSolution
		{8852CF80-12E1-49E3-AF0B-72CAFB26FACD}.Debug|Any CPU.ActiveCfg = Debug|Any CPU
		{8852CF80-12E1-49E3-AF0B-72CAFB26FACD}.Debug|Any CPU.Build.0 = Debug|Any CPU
		{8852CF80-12E1-49E3-AF0B-72CAFB26FACD}.Release|Any CPU.ActiveCfg = Release|Any CPU
		{8852CF80-12E1-49E3-AF0B-72CAFB26FACD}.Release|Any CPU.Build.0 = Release|Any CPU
	EndGlobalSection
	GlobalSection(SolutionProperties) = preSolution
		HideSolutionNode = FALSE
	EndGlobalSection
	GlobalSection(ExtensibilityGlobals) = postSolution
		SolutionGuid = {79E14407-A18C-4048-BACE-F7DE93E1381D}
	EndGlobalSection
EndGlobal
